dependencies:
- name: nico-rest-common
  repository: ""
  version: 0.1.0
- name: nico-rest-cert-manager
  repository: ""
  version: 0.1.0
- name: nico-rest-api
  repository: ""
  version: 0.1.1
- name: nico-rest-workflow
  repository: ""
  version: 0.1.0
- name: nico-rest-site-manager
  repository: ""
  version: 0.1.0
- name: nico-rest-db
  repository: ""
  version: 0.1.0
digest: sha256:7cec75245925550764a6da00ce3cb01a9d065b7edffc76c07736d4c05aca860e
generated: "2026-05-13T10:07:24.468333-07:00"
